Microsoft Visual Studio Solution File, Format Version 11.00
# Visual Studio 2008

Project("{39874E37-DC44-D67F-B65B-D33A82AD9446}") = "BallRollerUnity3D-master", "Assembly-CSharp.csproj", "{9551130C-1E37-BB78-6A7C-ED8369682983}"
EndProject
Global
	GlobalSection(SolutionConfigurationPlatforms) = preSolution
		Debug|Any CPU = Debug|Any CPU
		Release|Any CPU = Release|Any CPU
	EndGlobalSection
	GlobalSection(ProjectConfigurationPlatforms) = postSolution
		{9551130C-1E37-BB78-6A7C-ED8369682983}.Debug|Any CPU.ActiveCfg = Debug|Any CPU
		{9551130C-1E37-BB78-6A7C-ED8369682983}.Debug|Any CPU.Build.0 = Debug|Any CPU
		{9551130C-1E37-BB78-6A7C-ED8369682983}.Release|Any CPU.ActiveCfg = Release|Any CPU
		{9551130C-1E37-BB78-6A7C-ED8369682983}.Release|Any CPU.Build.0 = Release|Any CPU
	EndGlobalSection
	GlobalSection(SolutionProperties) = preSolution
		HideSolutionNode = FALSE
	EndGlobalSection
	GlobalSection(MonoDevelopProperties) = preSolution
		StartupItem = Assembly-CSharp.csproj
	EndGlobalSection
EndGlobal
